// !$*UTF8*$!
{
	archiveVersion = 1;
	classes = {
	};
	objectVersion = 51;
	objects = {

/* Begin PBXBuildFile section */
		BA4AAEFFA4A6B4D5E7421C40 /* Pods_DiaryDemo.framework in Frameworks */ = {isa = PBXBuildFile; fileRef = 56780C71B82E820CA34B488D /* Pods_DiaryDemo.framework */; };
		E3F275012501F71C008512DC /* AppDelegate.swift in Sources */ = {isa = PBXBuildFile; fileRef = E3F275002501F71C008512DC /* AppDelegate.swift */; };
		E3F275052501F71C008512DC /* ViewController.swift in Sources */ = {isa = PBXBuildFile; fileRef = E3F275042501F71C008512DC /* ViewController.swift */; };
		E3F275082501F71C008512DC /* Main.storyboard in Resources */ = {isa = PBXBuildFile; fileRef = E3F275062501F71C008512DC /* Main.storyboard */; };
		E3F2750B2501F71C008512DC /* DiaryDemo.xcdatamodeld in Sources */ = {isa = PBXBuildFile; fileRef = E3F275092501F71C008512DC /* DiaryDemo.xcdatamodeld */; };
		E3F2750D2501F720008512DC /* Assets.xcassets in Resources */ = {isa = PBXBuildFile; fileRef = E3F2750C2501F720008512DC /* Assets.xcassets */; };
		E3F275102501F720008512DC /* LaunchScreen.storyboard in Resources */ = {isa = PBXBuildFile; fileRef = E3F2750E2501F720008512DC /* LaunchScreen.storyboard */; };
		E3F275192501F957008512DC /* Router.swift in Sources */ = {isa = PBXBuildFile; fileRef = E3F275182501F957008512DC /* Router.swift */; };
		E3F2751B2501F97C008512DC /* Webservice.swift in Sources */ = {isa = PBXBuildFile; fileRef = E3F2751A2501F97C008512DC /* Webservice.swift */; };
		E3F2751D2501F99D008512DC /* WebError.swift in Sources */ = {isa = PBXBuildFile; fileRef = E3F2751C2501F99D008512DC /* WebError.swift */; };
		E3F275202501FB9C008512DC /* BaseViewController.swift in Sources */ = {isa = PBXBuildFile; fileRef = E3F2751F2501FB9C008512DC /* BaseViewController.swift */; };
		E3F275222501FBAF008512DC /* BaseViewModel.swift in Sources */ = {isa = PBXBuildFile; fileRef = E3F275212501FBAF008512DC /* BaseViewModel.swift */; };
		E3F275262501FC4B008512DC /* DiaryListViewController.swift in Sources */ = {isa = PBXBuildFile; fileRef = E3F275252501FC4B008512DC /* DiaryListViewController.swift */; };
		E3F275282501FC5E008512DC /* DiaryListViewModel.swift in Sources */ = {isa = PBXBuildFile; fileRef = E3F275272501FC5E008512DC /* DiaryListViewModel.swift */; };
		E3F2752A2501FC6A008512DC /* DiaryListInteractor.swift in Sources */ = {isa = PBXBuildFile; fileRef = E3F275292501FC6A008512DC /* DiaryListInteractor.swift */; };
		E3F2752C2501FC76008512DC /* DiaryListNavigator.swift in Sources */ = {isa = PBXBuildFile; fileRef = E3F2752B2501FC76008512DC /* DiaryListNavigator.swift */; };
		E3F2752F2501FE99008512DC /* DiaryData.swift in Sources */ = {isa = PBXBuildFile; fileRef = E3F2752E2501FE99008512DC /* DiaryData.swift */; };
		E3F2753225020263008512DC /* Extensions.swift in Sources */ = {isa = PBXBuildFile; fileRef = E3F2753125020263008512DC /* Extensions.swift */; };
		E3F27534250203F1008512DC /* Environment.swift in Sources */ = {isa = PBXBuildFile; fileRef = E3F27533250203F1008512DC /* Environment.swift */; };
/* End PBXBuildFile section */

/* Begin PBXFileReference section */
		2AE1A2066EDDE55F531255F0 /* Pods-DiaryDemo.release.xcconfig */ = {isa = PBXFileReference; includeInIndex = 1; lastKnownFileType = text.xcconfig; name = "Pods-DiaryDemo.release.xcconfig"; path = "Target Support Files/Pods-DiaryDemo/Pods-DiaryDemo.release.xcconfig"; sourceTree = "<group>"; };
		56780C71B82E820CA34B488D /* Pods_DiaryDemo.framework */ = {isa = PBXFileReference; explicitFileType = wrapper.framework; includeInIndex = 0; path = Pods_DiaryDemo.framework; sourceTree = BUILT_PRODUCTS_DIR; };
		E3F274FD2501F71C008512DC /* DiaryDemo.app */ = {isa = PBXFileReference; explicitFileType = wrapper.application; includeInIndex = 0; path = DiaryDemo.app; sourceTree = BUILT_PRODUCTS_DIR; };
		E3F275002501F71C008512DC /* AppDelegate.swift */ = {isa = PBXFileReference; lastKnownFileType = sourcecode.swift; path = AppDelegate.swift; sourceTree = "<group>"; };
		E3F275042501F71C008512DC /* ViewController.swift */ = {isa = PBXFileReference; lastKnownFileType = sourcecode.swift; path = ViewController.swift; sourceTree = "<group>"; };
		E3F275072501F71C008512DC /* Base */ = {isa = PBXFileReference; lastKnownFileType = file.storyboard; name = Base; path = Base.lproj/Main.storyboard; sourceTree = "<group>"; };
		E3F2750A2501F71C008512DC /* DiaryDemo.xcdatamodel */ = {isa = PBXFileReference; lastKnownFileType = wrapper.xcdatamodel; path = DiaryDemo.xcdatamodel; sourceTree = "<group>"; };
		E3F2750C2501F720008512DC /* Assets.xcassets */ = {isa = PBXFileReference; lastKnownFileType = folder.assetcatalog; path = Assets.xcassets; sourceTree = "<group>"; };
		E3F2750F2501F720008512DC /* Base */ = {isa = PBXFileReference; lastKnownFileType = file.storyboard; name = Base; path = Base.lproj/LaunchScreen.storyboard; sourceTree = "<group>"; };
		E3F275112501F720008512DC /* Info.plist */ = {isa = PBXFileReference; lastKnownFileType = text.plist.xml; path = Info.plist; sourceTree = "<group>"; };
		E3F275182501F957008512DC /* Router.swift */ = {isa = PBXFileReference; lastKnownFileType = sourcecode.swift; path = Router.swift; sourceTree = "<group>"; };
		E3F2751A2501F97C008512DC /* Webservice.swift */ = {isa = PBXFileReference; lastKnownFileType = sourcecode.swift; path = Webservice.swift; sourceTree = "<group>"; };
		E3F2751C2501F99D008512DC /* WebError.swift */ = {isa = PBXFileReference; lastKnownFileType = sourcecode.swift; path = WebError.swift; sourceTree = "<group>"; };
		E3F2751F2501FB9C008512DC /* BaseViewController.swift */ = {isa = PBXFileReference; lastKnownFileType = sourcecode.swift; path = BaseViewController.swift; sourceTree = "<group>"; };
		E3F275212501FBAF008512DC /* BaseViewModel.swift */ = {isa = PBXFileReference; lastKnownFileType = sourcecode.swift; path = BaseViewModel.swift; sourceTree = "<group>"; };
		E3F275252501FC4B008512DC /* DiaryListViewController.swift */ = {isa = PBXFileReference; lastKnownFileType = sourcecode.swift; path = DiaryListViewController.swift; sourceTree = "<group>"; };
		E3F275272501FC5E008512DC /* DiaryListViewModel.swift */ = {isa = PBXFileReference; lastKnownFileType = sourcecode.swift; path = DiaryListViewModel.swift; sourceTree = "<group>"; };
		E3F275292501FC6A008512DC /* DiaryListInteractor.swift */ = {isa = PBXFileReference; lastKnownFileType = sourcecode.swift; path = DiaryListInteractor.swift; sourceTree = "<group>"; };
		E3F2752B2501FC76008512DC /* DiaryListNavigator.swift */ = {isa = PBXFileReference; lastKnownFileType = sourcecode.swift; path = DiaryListNavigator.swift; sourceTree = "<group>"; };
		E3F2752E2501FE99008512DC /* DiaryData.swift */ = {isa = PBXFileReference; lastKnownFileType = sourcecode.swift; path = DiaryData.swift; sourceTree = "<group>"; };
		E3F2753125020263008512DC /* Extensions.swift */ = {isa = PBXFileReference; lastKnownFileType = sourcecode.swift; path = Extensions.swift; sourceTree = "<group>"; };
		E3F27533250203F1008512DC /* Environment.swift */ = {isa = PBXFileReference; lastKnownFileType = sourcecode.swift; path = Environment.swift; sourceTree = "<group>"; };
		E8372BA79C2983B06B574208 /* Pods-DiaryDemo.debug.xcconfig */ = {isa = PBXFileReference; includeInIndex = 1; lastKnownFileType = text.xcconfig; name = "Pods-DiaryDemo.debug.xcconfig"; path = "Target Support Files/Pods-DiaryDemo/Pods-DiaryDemo.debug.xcconfig"; sourceTree = "<group>"; };
/* End PBXFileReference section */

/* Begin PBXFrameworksBuildPhase section */
		E3F274FA2501F71C008512DC /* Frameworks */ = {
			isa = PBXFrameworksBuildPhase;
			buildActionMask = 2147483647;
			files = (
				BA4AAEFFA4A6B4D5E7421C40 /* Pods_DiaryDemo.framework in Frameworks */,
			);
			runOnlyForDeploymentPostprocessing = 0;
		};
/* End PBXFrameworksBuildPhase section */

/* Begin PBXGroup section */
		446A43FE85D2D4AFFD914C55 /* Pods */ = {
			isa = PBXGroup;
			children = (
				E8372BA79C2983B06B574208 /* Pods-DiaryDemo.debug.xcconfig */,
				2AE1A2066EDDE55F531255F0 /* Pods-DiaryDemo.release.xcconfig */,
			);
			path = Pods;
			sourceTree = "<group>";
		};
		A74C74BDDF916FC2A05664FD /* Frameworks */ = {
			isa = PBXGroup;
			children = (
				56780C71B82E820CA34B488D /* Pods_DiaryDemo.framework */,
			);
			name = Frameworks;
			sourceTree = "<group>";
		};
		E3F274F42501F71C008512DC = {
			isa = PBXGroup;
			children = (
				E3F274FF2501F71C008512DC /* DiaryDemo */,
				E3F274FE2501F71C008512DC /* Products */,
				446A43FE85D2D4AFFD914C55 /* Pods */,
				A74C74BDDF916FC2A05664FD /* Frameworks */,
			);
			sourceTree = "<group>";
		};
		E3F274FE2501F71C008512DC /* Products */ = {
			isa = PBXGroup;
			children = (
				E3F274FD2501F71C008512DC /* DiaryDemo.app */,
			);
			name = Products;
			sourceTree = "<group>";
		};
		E3F274FF2501F71C008512DC /* DiaryDemo */ = {
			isa = PBXGroup;
			children = (
				E3F275112501F720008512DC /* Info.plist */,
				E3F275002501F71C008512DC /* AppDelegate.swift */,
				E3F2752D2501FDEE008512DC /* Models */,
				E3F275172501F919008512DC /* NetworkLayer */,
				E3F2751E2501FB79008512DC /* Scenes */,
				E3F275062501F71C008512DC /* Main.storyboard */,
				E3F2750C2501F720008512DC /* Assets.xcassets */,
				E3F2750E2501F720008512DC /* LaunchScreen.storyboard */,
				E3F275092501F71C008512DC /* DiaryDemo.xcdatamodeld */,
				E3F2753125020263008512DC /* Extensions.swift */,
			);
			path = DiaryDemo;
			sourceTree = "<group>";
		};
		E3F275172501F919008512DC /* NetworkLayer */ = {
			isa = PBXGroup;
			children = (
				E3F275182501F957008512DC /* Router.swift */,
				E3F2751A2501F97C008512DC /* Webservice.swift */,
				E3F2751C2501F99D008512DC /* WebError.swift */,
				E3F27533250203F1008512DC /* Environment.swift */,
			);
			path = NetworkLayer;
			sourceTree = "<group>";
		};
		E3F2751E2501FB79008512DC /* Scenes */ = {
			isa = PBXGroup;
			children = (
				E3F275242501FC19008512DC /* Base */,
				E3F275232501FC03008512DC /* DiaryList */,
			);
			path = Scenes;
			sourceTree = "<group>";
		};
		E3F275232501FC03008512DC /* DiaryList */ = {
			isa = PBXGroup;
			children = (
				E3F27530250200FF008512DC /* Views */,
				E3F275292501FC6A008512DC /* DiaryListInteractor.swift */,
				E3F2752B2501FC76008512DC /* DiaryListNavigator.swift */,
				E3F275272501FC5E008512DC /* DiaryListViewModel.swift */,
				E3F275252501FC4B008512DC /* DiaryListViewController.swift */,
			);
			path = DiaryList;
			sourceTree = "<group>";
		};
		E3F275242501FC19008512DC /* Base */ = {
			isa = PBXGroup;
			children = (
				E3F2751F2501FB9C008512DC /* BaseViewController.swift */,
				E3F275212501FBAF008512DC /* BaseViewModel.swift */,
				E3F275042501F71C008512DC /* ViewController.swift */,
			);
			path = Base;
			sourceTree = "<group>";
		};
		E3F2752D2501FDEE008512DC /* Models */ = {
			isa = PBXGroup;
			children = (
				E3F2752E2501FE99008512DC /* DiaryData.swift */,
			);
			path = Models;
			sourceTree = "<group>";
		};
		E3F27530250200FF008512DC /* Views */ = {
			isa = PBXGroup;
			children = (
			);
			path = Views;
			sourceTree = "<group>";
		};
/* End PBXGroup section */

/* Begin PBXNativeTarget section */
		E3F274FC2501F71C008512DC /* DiaryDemo */ = {
			isa = PBXNativeTarget;
			buildConfigurationList = E3F275142501F720008512DC /* Build configuration list for PBXNativeTarget "DiaryDemo" */;
			buildPhases = (
				73D41687AB25266B7C0636D0 /* [CP] Check Pods Manifest.lock */,
				E3F274F92501F71C008512DC /* Sources */,
				E3F274FA2501F71C008512DC /* Frameworks */,
				E3F274FB2501F71C008512DC /* Resources */,
				2F37656CAB98090D724FCBA7 /* [CP] Embed Pods Frameworks */,
			);
			buildRules = (
			);
			dependencies = (
			);
			name = DiaryDemo;
			productName = DiaryDemo;
			productReference = E3F274FD2501F71C008512DC /* DiaryDemo.app */;
			productType = "com.apple.product-type.application";
		};
/* End PBXNativeTarget section */

/* Begin PBXProject section */
		E3F274F52501F71C008512DC /* Project object */ = {
			isa = PBXProject;
			attributes = {
				LastSwiftUpdateCheck = 1160;
				LastUpgradeCheck = 1160;
				ORGANIZATIONNAME = tatva;
				TargetAttributes = {
					E3F274FC2501F71C008512DC = {
						CreatedOnToolsVersion = 11.6;
					};
				};
			};
			buildConfigurationList = E3F274F82501F71C008512DC /* Build configuration list for PBXProject "DiaryDemo" */;
			compatibilityVersion = "Xcode 9.3";
			developmentRegion = en;
			hasScannedForEncodings = 0;
			knownRegions = (
				en,
				Base,
			);
			mainGroup = E3F274F42501F71C008512DC;
			productRefGroup = E3F274FE2501F71C008512DC /* Products */;
			projectDirPath = "";
			projectRoot = "";
			targets = (
				E3F274FC2501F71C008512DC /* DiaryDemo */,
			);
		};
/* End PBXProject section */

/* Begin PBXResourcesBuildPhase section */
		E3F274FB2501F71C008512DC /* Resources */ = {
			isa = PBXResourcesBuildPhase;
			buildActionMask = 2147483647;
			files = (
				E3F275102501F720008512DC /* LaunchScreen.storyboard in Resources */,
				E3F2750D2501F720008512DC /* Assets.xcassets in Resources */,
				E3F275082501F71C008512DC /* Main.storyboard in Resources */,
			);
			runOnlyForDeploymentPostprocessing = 0;
		};
/* End PBXResourcesBuildPhase section */

/* Begin PBXShellScriptBuildPhase section */
		2F37656CAB98090D724FCBA7 /* [CP] Embed Pods Frameworks */ = {
			isa = PBXShellScriptBuildPhase;
			buildActionMask = 2147483647;
			files = (
			);
			inputFileListPaths = (
				"${PODS_ROOT}/Target Support Files/Pods-DiaryDemo/Pods-DiaryDemo-frameworks-${CONFIGURATION}-input-files.xcfilelist",
			);
			name = "[CP] Embed Pods Frameworks";
			outputFileListPaths = (
				"${PODS_ROOT}/Target Support Files/Pods-DiaryDemo/Pods-DiaryDemo-frameworks-${CONFIGURATION}-output-files.xcfilelist",
			);
			runOnlyForDeploymentPostprocessing = 0;
			shellPath = /bin/sh;
			shellScript = "\"${PODS_ROOT}/Target Support Files/Pods-DiaryDemo/Pods-DiaryDemo-frameworks.sh\"\n";
			showEnvVarsInLog = 0;
		};
		73D41687AB25266B7C0636D0 /* [CP] Check Pods Manifest.lock */ = {
			isa = PBXShellScriptBuildPhase;
			buildActionMask = 2147483647;
			files = (
			);
			inputFileListPaths = (
			);
			inputPaths = (
				"${PODS_PODFILE_DIR_PATH}/Podfile.lock",
				"${PODS_ROOT}/Manifest.lock",
			);
			name = "[CP] Check Pods Manifest.lock";
			outputFileListPaths = (
			);
			outputPaths = (
				"$(DERIVED_FILE_DIR)/Pods-DiaryDemo-checkManifestLockResult.txt",
			);
			runOnlyForDeploymentPostprocessing = 0;
			shellPath = /bin/sh;
			shellScript = "diff \"${PODS_PODFILE_DIR_PATH}/Podfile.lock\" \"${PODS_ROOT}/Manifest.lock\" > /dev/null\nif [ $? != 0 ] ; then\n    # print error to STDERR\n    echo \"error: The sandbox is not in sync with the Podfile.lock. Run 'pod install' or update your CocoaPods installation.\" >&2\n    exit 1\nfi\n# This output is used by Xcode 'outputs' to avoid re-running this script phase.\necho \"SUCCESS\" > \"${SCRIPT_OUTPUT_FILE_0}\"\n";
			showEnvVarsInLog = 0;
		};
/* End PBXShellScriptBuildPhase section */

/* Begin PBXSourcesBuildPhase section */
		E3F274F92501F71C008512DC /* Sources */ = {
			isa = PBXSourcesBuildPhase;
			buildActionMask = 2147483647;
			files = (
				E3F275282501FC5E008512DC /* DiaryListViewModel.swift in Sources */,
				E3F275192501F957008512DC /* Router.swift in Sources */,
				E3F2750B2501F71C008512DC /* DiaryDemo.xcdatamodeld in Sources */,
				E3F275052501F71C008512DC /* ViewController.swift in Sources */,
				E3F27534250203F1008512DC /* Environment.swift in Sources */,
				E3F2751D2501F99D008512DC /* WebError.swift in Sources */,
				E3F2751B2501F97C008512DC /* Webservice.swift in Sources */,
				E3F2752F2501FE99008512DC /* DiaryData.swift in Sources */,
				E3F2752A2501FC6A008512DC /* DiaryListInteractor.swift in Sources */,
				E3F275222501FBAF008512DC /* BaseViewModel.swift in Sources */,
				E3F275202501FB9C008512DC /* BaseViewController.swift in Sources */,
				E3F275262501FC4B008512DC /* DiaryListViewController.swift in Sources */,
				E3F275012501F71C008512DC /* AppDelegate.swift in Sources */,
				E3F2752C2501FC76008512DC /* DiaryListNavigator.swift in Sources */,
				E3F2753225020263008512DC /* Extensions.swift in Sources */,
			);
			runOnlyForDeploymentPostprocessing = 0;
		};
/* End PBXSourcesBuildPhase section */

/* Begin PBXVariantGroup section */
		E3F275062501F71C008512DC /* Main.storyboard */ = {
			isa = PBXVariantGroup;
			children = (
				E3F275072501F71C008512DC /* Base */,
			);
			name = Main.storyboard;
			sourceTree = "<group>";
		};
		E3F2750E2501F720008512DC /* LaunchScreen.storyboard */ = {
			isa = PBXVariantGroup;
			children = (
				E3F2750F2501F720008512DC /* Base */,
			);
			name = LaunchScreen.storyboard;
			sourceTree = "<group>";
		};
/* End PBXVariantGroup section */

/* Begin XCBuildConfiguration section */
		E3F275122501F720008512DC /* Debug */ = {
			isa = XCBuildConfiguration;
			buildSettings = {
				ALWAYS_SEARCH_USER_PATHS = NO;
				CLANG_ANALYZER_NONNULL = YES;
				CLANG_ANALYZER_NUMBER_OBJECT_CONVERSION = YES_AGGRESSIVE;
				CLANG_CXX_LANGUAGE_STANDARD = "gnu++14";
				CLANG_CXX_LIBRARY = "libc++";
				CLANG_ENABLE_MODULES = YES;
				CLANG_ENABLE_OBJC_ARC = YES;
				CLANG_ENABLE_OBJC_WEAK = YES;
				CLANG_WARN_BLOCK_CAPTURE_AUTORELEASING = YES;
				CLANG_WARN_BOOL_CONVERSION = YES;
				CLANG_WARN_COMMA = YES;
				CLANG_WARN_CONSTANT_CONVERSION = YES;
				CLANG_WARN_DEPRECATED_OBJC_IMPLEMENTATIONS = YES;
				CLANG_WARN_DIRECT_OBJC_ISA_USAGE = YES_ERROR;
				CLANG_WARN_DOCUMENTATION_COMMENTS = YES;
				CLANG_WARN_EMPTY_BODY = YES;
				CLANG_WARN_ENUM_CONVERSION = YES;
				CLANG_WARN_INFINITE_RECURSION = YES;
				CLANG_WARN_INT_CONVERSION = YES;
				CLANG_WARN_NON_LITERAL_NULL_CONVERSION = YES;
				CLANG_WARN_OBJC_IMPLICIT_RETAIN_SELF = YES;
				CLANG_WARN_OBJC_LITERAL_CONVERSION = YES;
				CLANG_WARN_OBJC_ROOT_CLASS = YES_ERROR;
				CLANG_WARN_RANGE_LOOP_ANALYSIS = YES;
				CLANG_WARN_STRICT_PROTOTYPES = YES;
				CLANG_WARN_SUSPICIOUS_MOVE = YES;
				CLANG_WARN_UNGUARDED_AVAILABILITY = YES_AGGRESSIVE;
				CLANG_WARN_UNREACHABLE_CODE = YES;
				CLANG_WARN__DUPLICATE_METHOD_MATCH = YES;
				COPY_PHASE_STRIP = NO;
				DEBUG_INFORMATION_FORMAT = dwarf;
				ENABLE_STRICT_OBJC_MSGSEND = YES;
				ENABLE_TESTABILITY = YES;
				GCC_C_LANGUAGE_STANDARD = gnu11;
				GCC_DYNAMIC_NO_PIC = NO;
				GCC_NO_COMMON_BLOCKS = YES;
				GCC_OPTIMIZATION_LEVEL = 0;
				GCC_PREPROCESSOR_DEFINITIONS = (
					"DEBUG=1",
					"$(inherited)",
				);
				GCC_WARN_64_TO_32_BIT_CONVERSION = YES;
				GCC_WARN_ABOUT_RETURN_TYPE = YES_ERROR;
				GCC_WARN_UNDECLARED_SELECTOR = YES;
				GCC_WARN_UNINITIALIZED_AUTOS = YES_AGGRESSIVE;
				GCC_WARN_UNUSED_FUNCTION = YES;
				GCC_WARN_UNUSED_VARIABLE = YES;
				IPHONEOS_DEPLOYMENT_TARGET = 13.6;
				MTL_ENABLE_DEBUG_INFO = INCLUDE_SOURCE;
				MTL_FAST_MATH = YES;
				ONLY_ACTIVE_ARCH = YES;
				SDKROOT = iphoneos;
				SWIFT_ACTIVE_COMPILATION_CONDITIONS = DEBUG;
				SWIFT_OPTIMIZATION_LEVEL = "-Onone";
			};
			name = Debug;
		};
		E3F275132501F720008512DC /* Release */ = {
			isa = XCBuildConfiguration;
			buildSettings = {
				ALWAYS_SEARCH_USER_PATHS = NO;
				CLANG_ANALYZER_NONNULL = YES;
				CLANG_ANALYZER_NUMBER_OBJECT_CONVERSION = YES_AGGRESSIVE;
				CLANG_CXX_LANGUAGE_STANDARD = "gnu++14";
				CLANG_CXX_LIBRARY = "libc++";
				CLANG_ENABLE_MODULES = YES;
				CLANG_ENABLE_OBJC_ARC = YES;
				CLANG_ENABLE_OBJC_WEAK = YES;
				CLANG_WARN_BLOCK_CAPTURE_AUTORELEASING = YES;
				CLANG_WARN_BOOL_CONVERSION = YES;
				CLANG_WARN_COMMA = YES;
				CLANG_WARN_CONSTANT_CONVERSION = YES;
				CLANG_WARN_DEPRECATED_OBJC_IMPLEMENTATIONS = YES;
				CLANG_WARN_DIRECT_OBJC_ISA_USAGE = YES_ERROR;
				CLANG_WARN_DOCUMENTATION_COMMENTS = YES;
				CLANG_WARN_EMPTY_BODY = YES;
				CLANG_WARN_ENUM_CONVERSION = YES;
				CLANG_WARN_INFINITE_RECURSION = YES;
				CLANG_WARN_INT_CONVERSION = YES;
				CLANG_WARN_NON_LITERAL_NULL_CONVERSION = YES;
				CLANG_WARN_OBJC_IMPLICIT_RETAIN_SELF = YES;
				CLANG_WARN_OBJC_LITERAL_CONVERSION = YES;
				CLANG_WARN_OBJC_ROOT_CLASS = YES_ERROR;
				CLANG_WARN_RANGE_LOOP_ANALYSIS = YES;
				CLANG_WARN_STRICT_PROTOTYPES = YES;
				CLANG_WARN_SUSPICIOUS_MOVE = YES;
				CLANG_WARN_UNGUARDED_AVAILABILITY = YES_AGGRESSIVE;
				CLANG_WARN_UNREACHABLE_CODE = YES;
				CLANG_WARN__DUPLICATE_METHOD_MATCH = YES;
				COPY_PHASE_STRIP = NO;
				DEBUG_INFORMATION_FORMAT = "dwarf-with-dsym";
				ENABLE_NS_ASSERTIONS = NO;
				ENABLE_STRICT_OBJC_MSGSEND = YES;
				GCC_C_LANGUAGE_STANDARD = gnu11;
				GCC_NO_COMMON_BLOCKS = YES;
				GCC_WARN_64_TO_32_BIT_CONVERSION = YES;
				GCC_WARN_ABOUT_RETURN_TYPE = YES_ERROR;
				GCC_WARN_UNDECLARED_SELECTOR = YES;
				GCC_WARN_UNINITIALIZED_AUTOS = YES_AGGRESSIVE;
				GCC_WARN_UNUSED_FUNCTION = YES;
				GCC_WARN_UNUSED_VARIABLE = YES;
				IPHONEOS_DEPLOYMENT_TARGET = 13.6;
				MTL_ENABLE_DEBUG_INFO = NO;
				MTL_FAST_MATH = YES;
				SDKROOT = iphoneos;
				SWIFT_COMPILATION_MODE = wholemodule;
				SWIFT_OPTIMIZATION_LEVEL = "-O";
				VALIDATE_PRODUCT = YES;
			};
			name = Release;
		};
		E3F275152501F720008512DC /* Debug */ = {
			isa = XCBuildConfiguration;
			baseConfigurationReference = E8372BA79C2983B06B574208 /* Pods-DiaryDemo.debug.xcconfig */;
			buildSettings = {
				ASSETCATALOG_COMPILER_APPICON_NAME = AppIcon;
				CODE_SIGN_STYLE = Automatic;
				DEVELOPMENT_TEAM = PHN32NY2RB;
				INFOPLIST_FILE = DiaryDemo/Info.plist;
				LD_RUNPATH_SEARCH_PATHS = (
					"$(inherited)",
					"@executable_path/Frameworks",
				);
				PRODUCT_BUNDLE_IDENTIFIER = tatva.DiaryDemo;
				PRODUCT_NAME = "$(TARGET_NAME)";
				SWIFT_VERSION = 5.0;
				TARGETED_DEVICE_FAMILY = "1,2";
			};
			name = Debug;
		};
		E3F275162501F720008512DC /* Release */ = {
			isa = XCBuildConfiguration;
			baseConfigurationReference = 2AE1A2066EDDE55F531255F0 /* Pods-DiaryDemo.release.xcconfig */;
			buildSettings = {
				ASSETCATALOG_COMPILER_APPICON_NAME = AppIcon;
				CODE_SIGN_STYLE = Automatic;
				DEVELOPMENT_TEAM = PHN32NY2RB;
				INFOPLIST_FILE = DiaryDemo/Info.plist;
				LD_RUNPATH_SEARCH_PATHS = (
					"$(inherited)",
					"@executable_path/Frameworks",
				);
				PRODUCT_BUNDLE_IDENTIFIER = tatva.DiaryDemo;
				PRODUCT_NAME = "$(TARGET_NAME)";
				SWIFT_VERSION = 5.0;
				TARGETED_DEVICE_FAMILY = "1,2";
			};
			name = Release;
		};
/* End XCBuildConfiguration section */

/* Begin XCConfigurationList section */
		E3F274F82501F71C008512DC /* Build configuration list for PBXProject "DiaryDemo" */ = {
			isa = XCConfigurationList;
			buildConfigurations = (
				E3F275122501F720008512DC /* Debug */,
				E3F275132501F720008512DC /* Release */,
			);
			defaultConfigurationIsVisible = 0;
			defaultConfigurationName = Release;
		};
		E3F275142501F720008512DC /* Build configuration list for PBXNativeTarget "DiaryDemo" */ = {
			isa = XCConfigurationList;
			buildConfigurations = (
				E3F275152501F720008512DC /* Debug */,
				E3F275162501F720008512DC /* Release */,
			);
			defaultConfigurationIsVisible = 0;
			defaultConfigurationName = Release;
		};
/* End XCConfigurationList section */

/* Begin XCVersionGroup section */
		E3F275092501F71C008512DC /* DiaryDemo.xcdatamodeld */ = {
			isa = XCVersionGroup;
			children = (
				E3F2750A2501F71C008512DC /* DiaryDemo.xcdatamodel */,
			);
			currentVersion = E3F2750A2501F71C008512DC /* DiaryDemo.xcdatamodel */;
			path = DiaryDemo.xcdatamodeld;
			sourceTree = "<group>";
			versionGroupType = wrapper.xcdatamodel;
		};
/* End XCVersionGroup section */
	};
	rootObject = E3F274F52501F71C008512DC /* Project object */;
}
